{
  "name": "sgds-angular-component",
  "version": "0.0.1",
  "lockfileVersion": 1,
  "requires": true,
  "dependencies": {
    "@govtechsg/sgds-masthead": {
      "version": "0.0.14",
      "resolved": "https://registry.npmjs.org/@govtechsg/sgds-masthead/-/sgds-masthead-0.0.14.tgz",
      "integrity": "sha512-3vAPar/798A18cr8WRUjzTFEv/iChH8de9lSexsEfejyR1KBZ+KosX3OiXmAiOYz146iLtq8+8zsvuJnajZG3g==",
      "requires": {
        "@stencil/core": "^2.13.0"
      }
    },
    "@stencil/core": {
      "version": "2.16.1",
      "resolved": "https://registry.npmjs.org/@stencil/core/-/core-2.16.1.tgz",
      "integrity": "sha512-s/UJp9qxExL3DyQPT70kiuWeb3AdjbUZM+5lEIXn30I2DLcLYPOPXfsoWJODieQywq+3vPiLZeIdkoqjf6jcSw=="
    },
    "tslib": {
      "version": "2.4.0",
      "resolved": "https://registry.npmjs.org/tslib/-/tslib-2.4.0.tgz",
      "integrity": "sha512-d6xOpEDfsi2CZVlPQzGeux8XMwLT9hssAsaPYExaQMuYskwb+x1x7J371tWlbBdWHroy99KnVB6qIkUbs5X3UQ=="
    }
  }
}
